
Microsoft Visual Studio Solution File, Format Version 12.00
# Visual Studio 15
VisualStudioVersion = 15.0.28307.489
MinimumVisualStudioVersion = 10.0.40219.1
Project("{FAE04EC0-301F-11D3-BF4B-00C04F79EFBC}") = "WebService", "WebService\WebService.csproj", "{11535EF4-E851-4D7C-94B0-0DF0E6756947}"
EndProject
Global
	GlobalSection(SolutionConfigurationPlatforms) = preSolution
		Debug|Any CPU = Debug|Any CPU
		Release|Any CPU = Release|Any CPU
	EndGlobalSection
	GlobalSection(ProjectConfigurationPlatforms) = postSolution
		{11535EF4-E851-4D7C-94B0-0DF0E6756947}.Debug|Any CPU.ActiveCfg = Debug|Any CPU
		{11535EF4-E851-4D7C-94B0-0DF0E6756947}.Debug|Any CPU.Build.0 = Debug|Any CPU
		{11535EF4-E851-4D7C-94B0-0DF0E6756947}.Release|Any CPU.ActiveCfg = Release|Any CPU
		{11535EF4-E851-4D7C-94B0-0DF0E6756947}.Release|Any CPU.Build.0 = Release|Any CPU
	EndGlobalSection
	GlobalSection(SolutionProperties) = preSolution
		HideSolutionNode = FALSE
	EndGlobalSection
	GlobalSection(ExtensibilityGlobals) = postSolution
		SolutionGuid = {87D88135-17D4-4674-ADC3-6D73B916EEFD}
	EndGlobalSection
EndGlobal
